
Microsoft Visual Studio Solution File, Format Version 12.00
# Visual Studio Version 16
VisualStudioVersion = 16.0.31205.134
MinimumVisualStudioVersion = 10.0.40219.1
Project("{FAE04EC0-301F-11D3-BF4B-00C04F79EFBC}") = "Konsolenanwendung_neu", "Konsolenanwendung_neu\Konsolenanwendung_neu.csproj", "{832AAB27-A72A-43B7-A6FC-A5B93BF80262}"
EndProject
Global
	GlobalSection(SolutionConfigurationPlatforms) = preSolution
		Debug|Any CPU = Debug|Any CPU
		Release|Any CPU = Release|Any CPU
	EndGlobalSection
	GlobalSection(ProjectConfigurationPlatforms) = postSolution
		{832AAB27-A72A-43B7-A6FC-A5B93BF80262}.Debug|Any CPU.ActiveCfg = Debug|Any CPU
		{832AAB27-A72A-43B7-A6FC-A5B93BF80262}.Debug|Any CPU.Build.0 = Debug|Any CPU
		{832AAB27-A72A-43B7-A6FC-A5B93BF80262}.Release|Any CPU.ActiveCfg = Release|Any CPU
		{832AAB27-A72A-43B7-A6FC-A5B93BF80262}.Release|Any CPU.Build.0 = Release|Any CPU
	EndGlobalSection
	GlobalSection(SolutionProperties) = preSolution
		HideSolutionNode = FALSE
	EndGlobalSection
	GlobalSection(ExtensibilityGlobals) = postSolution
		SolutionGuid = {2CEFC724-73CF-4D76-9CF8-4BB11223A2CB}
	EndGlobalSection
EndGlobal
